<?xml version="1.0" encoding="utf-8"?>
<Project ToolsVersion="4.0" xmlns="http://schemas.microsoft.com/developer/msbuild/2003">
  <ItemGroup>
    <Filter Include="소스 파일">
      <UniqueIdentifier>{4FC737F1-C7A5-4376-A066-2A32D752A2FF}</UniqueIdentifier>
      <Extensions>cpp;c;cc;cxx;c++;cppm;ixx;def;odl;idl;hpj;bat;asm;asmx</Extensions>
    </Filter>
    <Filter Include="헤더 파일">
      <UniqueIdentifier>{93995380-89BD-4b04-88EB-625FBE52EBFB}</UniqueIdentifier>
      <Extensions>h;hh;hpp;hxx;h++;hm;inl;inc;ipp;xsd</Extensions>
    </Filter>
    <Filter Include="리소스 파일">
      <UniqueIdentifier>{67DA6AB6-F800-4c08-8B7A-83BB121AAD01}</UniqueIdentifier>
      <Extensions>rc;ico;cur;bmp;dlg;rc2;rct;bin;rgs;gif;jpg;jpeg;jpe;resx;tiff;tif;png;wav;mfcribbon-ms</Extensions>
    </Filter>
    <Filter Include="PacketTxt">
      <UniqueIdentifier>{4356774a-7a47-42e7-a4c8-20b3869fe741}</UniqueIdentifier>
    </Filter>
    <Filter Include="WriteStream">
      <UniqueIdentifier>{240058dc-12fa-4ad9-b583-eb82432f111c}</UniqueIdentifier>
    </Filter>
    <Filter Include="ReaderStream">
      <UniqueIdentifier>{1fb75567-d635-457b-9d85-4aae88ae1eba}</UniqueIdentifier>
    </Filter>
    <Filter Include="Packet">
      <UniqueIdentifier>{332284b6-e7fb-4b93-896b-cd3cd9c35082}</UniqueIdentifier>
    </Filter>
    <Filter Include="Packet\Login">
      <UniqueIdentifier>{b90f3459-a0bb-4520-9cd4-44aa2ca21b0f}</UniqueIdentifier>
    </Filter>
    <Filter Include="PacketFactory">
      <UniqueIdentifier>{80bb91c3-cfa4-4ed1-9239-af00d36f0af8}</UniqueIdentifier>
    </Filter>
  </ItemGroup>
  <ItemGroup>
    <ClInclude Include="framework.h">
      <Filter>헤더 파일</Filter>
    </ClInclude>
    <ClInclude Include="pch.h">
      <Filter>헤더 파일</Filter>
    </ClInclude>
    <ClInclude Include="Packet\PacketBase.h">
      <Filter>헤더 파일</Filter>
    </ClInclude>
    <ClInclude Include="Packet\EResultCode.h">
      <Filter>헤더 파일</Filter>
    </ClInclude>
    <ClInclude Include="WriteStream\WriteStream.h">
      <Filter>WriteStream</Filter>
    </ClInclude>
    <ClInclude Include="ReaderStream\ReaderStream.h">
      <Filter>ReaderStream</Filter>
    </ClInclude>
    <ClInclude Include="Packet\Login\PktLogin.h">
      <Filter>Packet\Login</Filter>
    </ClInclude>
    <ClInclude Include="Packet\Login\PktLoginResult.h">
      <Filter>Packet\Login</Filter>
    </ClInclude>
    <ClInclude Include="PacketId.h">
      <Filter>Packet</Filter>
    </ClInclude>
    <ClInclude Include="PacketFactory\PacketFactory.h">
      <Filter>PacketFactory</Filter>
    </ClInclude>
  </ItemGroup>
  <ItemGroup>
    <ClCompile Include="Packet.cpp">
      <Filter>소스 파일</Filter>
    </ClCompile>
    <ClCompile Include="pch.cpp">
      <Filter>소스 파일</Filter>
    </ClCompile>
    <ClCompile Include="Packet\PacketBase.cpp">
      <Filter>소스 파일</Filter>
    </ClCompile>
    <ClCompile Include="WriteStream\WriteStream.cpp">
      <Filter>WriteStream</Filter>
    </ClCompile>
    <ClCompile Include="ReaderStream\ReaderStream.cpp">
      <Filter>ReaderStream</Filter>
    </ClCompile>
    <ClCompile Include="Packet\Login\PktLogin.cpp">
      <Filter>Packet\Login</Filter>
    </ClCompile>
    <ClCompile Include="Packet\Login\PktLoginResult.cpp">
      <Filter>Packet\Login</Filter>
    </ClCompile>
    <ClCompile Include="PacketFactory\PacketFactory.cpp">
      <Filter>PacketFactory</Filter>
    </ClCompile>
  </ItemGroup>
  <ItemGroup>
    <Text Include="PacketTxt\GamePacket.txt">
      <Filter>PacketTxt</Filter>
    </Text>
  </ItemGroup>
</Project>