
Microsoft Visual Studio Solution File, Format Version 12.00
# Visual Studio Version 17
VisualStudioVersion = 17.4.33403.182
MinimumVisualStudioVersion = 10.0.40219.1
Project("{8BC9CEB8-8B4A-11D0-8D11-00A0C91BC942}") = "CoreTest", "CoreTest\CoreTest.vcxproj", "{C2B6F6F6-0880-4EF6-BC37-5F7E8F0C11C7}"
EndProject
Project("{8BC9CEB8-8B4A-11D0-8D11-00A0C91BC942}") = "FileHandlerLib", "FileHandlerLib\FileHandlerLib.vcxproj", "{9054465E-5893-42E6-87DC-6426DFE7EA64}"
EndProject
Global
	GlobalSection(SolutionConfigurationPlatforms) = preSolution
		Debug|x64 = Debug|x64
		Debug|x86 = Debug|x86
		Release|x64 = Release|x64
		Release|x86 = Release|x86
	EndGlobalSection
	GlobalSection(ProjectConfigurationPlatforms) = postSolution
		{C2B6F6F6-0880-4EF6-BC37-5F7E8F0C11C7}.Debug|x64.ActiveCfg = Debug|x64
		{C2B6F6F6-0880-4EF6-BC37-5F7E8F0C11C7}.Debug|x64.Build.0 = Debug|x64
		{C2B6F6F6-0880-4EF6-BC37-5F7E8F0C11C7}.Debug|x86.ActiveCfg = Debug|Win32
		{C2B6F6F6-0880-4EF6-BC37-5F7E8F0C11C7}.Debug|x86.Build.0 = Debug|Win32
		{C2B6F6F6-0880-4EF6-BC37-5F7E8F0C11C7}.Release|x64.ActiveCfg = Release|x64
		{C2B6F6F6-0880-4EF6-BC37-5F7E8F0C11C7}.Release|x64.Build.0 = Release|x64
		{C2B6F6F6-0880-4EF6-BC37-5F7E8F0C11C7}.Release|x86.ActiveCfg = Release|Win32
		{C2B6F6F6-0880-4EF6-BC37-5F7E8F0C11C7}.Release|x86.Build.0 = Release|Win32
		{9054465E-5893-42E6-87DC-6426DFE7EA64}.Debug|x64.ActiveCfg = Debug|x64
		{9054465E-5893-42E6-87DC-6426DFE7EA64}.Debug|x64.Build.0 = Debug|x64
		{9054465E-5893-42E6-87DC-6426DFE7EA64}.Debug|x86.ActiveCfg = Debug|Win32
		{9054465E-5893-42E6-87DC-6426DFE7EA64}.Debug|x86.Build.0 = Debug|Win32
		{9054465E-5893-42E6-87DC-6426DFE7EA64}.Release|x64.ActiveCfg = Release|x64
		{9054465E-5893-42E6-87DC-6426DFE7EA64}.Release|x64.Build.0 = Release|x64
		{9054465E-5893-42E6-87DC-6426DFE7EA64}.Release|x86.ActiveCfg = Release|Win32
		{9054465E-5893-42E6-87DC-6426DFE7EA64}.Release|x86.Build.0 = Release|Win32
	EndGlobalSection
	GlobalSection(SolutionProperties) = preSolution
		HideSolutionNode = FALSE
	EndGlobalSection
	GlobalSection(ExtensibilityGlobals) = postSolution
		SolutionGuid = {A137D20D-14CD-4DC5-8E63-A4F91C7E8633}
	EndGlobalSection
EndGlobal
