<?xml version="1.0" encoding="utf-8"?>
<Project ToolsVersion="4.0" xmlns="http://schemas.microsoft.com/developer/msbuild/2003">
  <ItemGroup>
    <Filter Include="소스 파일">
      <UniqueIdentifier>{4FC737F1-C7A5-4376-A066-2A32D752A2FF}</UniqueIdentifier>
      <Extensions>cpp;c;cc;cxx;c++;cppm;ixx;def;odl;idl;hpj;bat;asm;asmx</Extensions>
    </Filter>
    <Filter Include="헤더 파일">
      <UniqueIdentifier>{93995380-89BD-4b04-88EB-625FBE52EBFB}</UniqueIdentifier>
      <Extensions>h;hh;hpp;hxx;h++;hm;inl;inc;ipp;xsd</Extensions>
    </Filter>
    <Filter Include="리소스 파일">
      <UniqueIdentifier>{67DA6AB6-F800-4c08-8B7A-83BB121AAD01}</UniqueIdentifier>
      <Extensions>rc;ico;cur;bmp;dlg;rc2;rct;bin;rgs;gif;jpg;jpeg;jpe;resx;tiff;tif;png;wav;mfcribbon-ms</Extensions>
    </Filter>
    <Filter Include="Server">
      <UniqueIdentifier>{9f07d8e8-f5d6-4446-8a79-801af6e628cb}</UniqueIdentifier>
    </Filter>
    <Filter Include="IOData">
      <UniqueIdentifier>{c1a8d2d5-017c-43c1-9f82-33c823c230fa}</UniqueIdentifier>
    </Filter>
    <Filter Include="SocketData">
      <UniqueIdentifier>{5caf2b21-470c-48fa-a484-2691a0d711de}</UniqueIdentifier>
    </Filter>
    <Filter Include="System">
      <UniqueIdentifier>{2d350d3d-f0d9-4e45-9bf7-b12d0ae0dd43}</UniqueIdentifier>
    </Filter>
    <Filter Include="Client">
      <UniqueIdentifier>{468b753b-378d-48f8-b7e4-5547fe024ecc}</UniqueIdentifier>
    </Filter>
  </ItemGroup>
  <ItemGroup>
    <ClInclude Include="framework.h">
      <Filter>헤더 파일</Filter>
    </ClInclude>
    <ClInclude Include="pch.h">
      <Filter>헤더 파일</Filter>
    </ClInclude>
    <ClInclude Include="EnumConst.h">
      <Filter>헤더 파일</Filter>
    </ClInclude>
    <ClInclude Include="IOData\IOData.h">
      <Filter>IOData</Filter>
    </ClInclude>
    <ClInclude Include="System\NetWorkSystem.h">
      <Filter>System</Filter>
    </ClInclude>
    <ClInclude Include="System\System.h">
      <Filter>System</Filter>
    </ClInclude>
    <ClInclude Include="SocketData\SocketData.h">
      <Filter>SocketData</Filter>
    </ClInclude>
    <ClInclude Include="SocketData\SocketDataManager.h">
      <Filter>SocketData</Filter>
    </ClInclude>
    <ClInclude Include="Client\Client.h">
      <Filter>Client</Filter>
    </ClInclude>
    <ClInclude Include="Server\Server.h">
      <Filter>Server</Filter>
    </ClInclude>
    <ClInclude Include="NetWorkBase.h">
      <Filter>헤더 파일</Filter>
    </ClInclude>
    <ClInclude Include="IOData\IODataType.h">
      <Filter>IOData</Filter>
    </ClInclude>
  </ItemGroup>
  <ItemGroup>
    <ClCompile Include="Network.cpp">
      <Filter>소스 파일</Filter>
    </ClCompile>
    <ClCompile Include="pch.cpp">
      <Filter>소스 파일</Filter>
    </ClCompile>
    <ClCompile Include="IOData\IOData.cpp">
      <Filter>IOData</Filter>
    </ClCompile>
    <ClCompile Include="SocketData\SocketDataManager.cpp">
      <Filter>SocketData</Filter>
    </ClCompile>
    <ClCompile Include="Client\Client.cpp">
      <Filter>Client</Filter>
    </ClCompile>
    <ClCompile Include="Server\Server.cpp">
      <Filter>Server</Filter>
    </ClCompile>
    <ClCompile Include="NetWorkBase.cpp">
      <Filter>소스 파일</Filter>
    </ClCompile>
  </ItemGroup>
</Project>